
Microsoft Visual Studio Solution File, Format Version 12.00
# Visual Studio Version 17
VisualStudioVersion = 17.3.32819.101
MinimumVisualStudioVersion = 10.0.40219.1
Project("{FAE04EC0-301F-11D3-BF4B-00C04F79EFBC}") = "FunctionApp1", "FunctionApp1\FunctionApp1.csproj", "{F13546E8-34E4-475A-B439-D2B3AED10AC2}"
EndProject
Global
	GlobalSection(SolutionConfigurationPlatforms) = preSolution
		Debug|Any CPU = Debug|Any CPU
		Release|Any CPU = Release|Any CPU
	EndGlobalSection
	GlobalSection(ProjectConfigurationPlatforms) = postSolution
		{F13546E8-34E4-475A-B439-D2B3AED10AC2}.Debug|Any CPU.ActiveCfg = Debug|Any CPU
		{F13546E8-34E4-475A-B439-D2B3AED10AC2}.Debug|Any CPU.Build.0 = Debug|Any CPU
		{F13546E8-34E4-475A-B439-D2B3AED10AC2}.Release|Any CPU.ActiveCfg = Release|Any CPU
		{F13546E8-34E4-475A-B439-D2B3AED10AC2}.Release|Any CPU.Build.0 = Release|Any CPU
	EndGlobalSection
	GlobalSection(SolutionProperties) = preSolution
		HideSolutionNode = FALSE
	EndGlobalSection
	GlobalSection(ExtensibilityGlobals) = postSolution
		SolutionGuid = {FE678A51-AFA8-49C1-80FE-904AC920CAC0}
	EndGlobalSection
EndGlobal
